63d394fabcf7e3a69863aa937a55431f8cce774847b4409deea7ac838ffd124a  downloads/packages/archlinux-keyring-20260902-1-any.pkg.tar.xz
8a5235c94e2694800c1255120d057eb04de408703b552fe4aaf34db8bc52dccf  downloads/packages/archlinux-keyring-20260902-1-any.pkg.tar.xz.sig
c8acb38a598cff1d5c9c835d3cbdf15c899e9c3491d6bb5b82848142f12775f4  downloads/packages/autoconf-2.73-1-any.pkg.tar.xz
7361124176e91ac5a19f3086aa5fdb0c55b8418709f33efed9eb79625031ddb8  downloads/packages/autoconf-2.73-1-any.pkg.tar.xz.sig
63f03d3a79f50217d99e661eadcc4ad550a391e51a3b9cfcf59685a37df9e19a  downloads/packages/automake-1.18.1-1-any.pkg.tar.xz
bab9016f9c656a50f1fa6712e6097aa2c1da2172c0ada6cccc357f8aac0b24ca  downloads/packages/automake-1.18.1-1-any.pkg.tar.xz.sig
b6c4d21b8fbea0d5c31d4aceefa7e9593f433b702c3e419678065a4856ea0b38  downloads/packages/base-devel-1-2-any.pkg.tar.xz
9c741ab59dfe36e001589b33b02150114294336127b74f648846593e76294595  downloads/packages/base-devel-1-2-any.pkg.tar.xz.sig
82716e3508156d038fe80af85bb4693b6eb80e14fb3766e726d8ff689af0d593  downloads/packages/bash-completion-2.18.0-1-any.pkg.tar.xz
7d79e663daa3987a362d051bd4da59a646f23cf016a5279f895acfbc2261b127  downloads/packages/bash-completion-2.18.0-1-any.pkg.tar.xz.sig
8472952a22f541c29efd5836f13545c89848a5afb5686ee2ff26613b1b298f53  downloads/packages/bind-9.20.27-1-aarch64.pkg.tar.xz
d601d26d7fe1a3c5a64db017c496c7789690db04233e32ab1d429f8e79b7c5c9  downloads/packages/bind-9.20.27-1-aarch64.pkg.tar.xz.sig
a53f8b72c6d58715a822754311ab20dd4fc8468183bb3ab459cf564503dbbe8c  downloads/packages/bison-3.8.2-8-aarch64.pkg.tar.xz
02c2bccb9449603345f974ee7fb1b15c189358d5eb03532ca209aef9a79415e8  downloads/packages/bison-3.8.2-8-aarch64.pkg.tar.xz.sig
0a0e6f37821cfd34b077658e6e5ba6a73c648e2094ccd74eb489180ba455fead  downloads/packages/boost-libs-1.92.0-1-aarch64.pkg.tar.xz
5d66f5656f6eb76bc8ddbdcb28c28562d854cb6297d14f5fae01c508a850b0b4  downloads/packages/boost-libs-1.92.0-1-aarch64.pkg.tar.xz.sig
059eae37c827cdcfe5830926af389794b2dcbdb72dcef8144d4b31884c3a7174  downloads/packages/btrfs-progs-7.1-1-aarch64.pkg.tar.xz
2a3d051268fbeea59f4a3dea304a91a378077008ee9182d8f15dfe7afd2c8a60  downloads/packages/btrfs-progs-7.1-1-aarch64.pkg.tar.xz.sig
300baad4b51576f72c9f7c0de01f82f62c195edb78be29562447c7e372873b87  downloads/packages/ca-certificates-mozilla-3.128-1-aarch64.pkg.tar.xz
55ba38f4569ea537577119b5507d362717e826815bddb07f0d365e5f4fc0ba34  downloads/packages/ca-certificates-mozilla-3.128-1-aarch64.pkg.tar.xz.sig
596b6371550dce4a855b5c14396d291b26848f3493d76dcb3298a83e780a90e0  downloads/packages/cpio-2.15-3-aarch64.pkg.tar.xz
6e2611a3ca0cf735dc9859d25b7819b85cc51060abaf17b3d6b86b7c2a075b8e  downloads/packages/cpio-2.15-3-aarch64.pkg.tar.xz.sig
e335839706dfc90e99bec38d104382f06ae82bc32b6a098b00b67e535ccf0e95  downloads/packages/cryptsetup-2.8.8-1-aarch64.pkg.tar.xz
215c83fc37dfd22fd86af5875da34e4a0ab9cdc9f0f77c0bb4255e06d8064397  downloads/packages/cryptsetup-2.8.8-1-aarch64.pkg.tar.xz.sig
5461bb97fca88b237d17db833622789eedca390634a6d2fb2e3b71287e52acb2  downloads/packages/curl-8.22.0-1-aarch64.pkg.tar.xz
2523ff1b88dfc1ed910ad90d44c04387a86c397bf8043b518cad1c33dd9524e8  downloads/packages/curl-8.22.0-1-aarch64.pkg.tar.xz.sig
0a787f952c0f7dd1493db437ab0dc3ffda6053cb6affa4ebf91caff185e586b4  downloads/packages/db5.3-5.3.28-7-aarch64.pkg.tar.xz
e17a6fdad268459de144b828f33a8b63fd9b7f05a2c1ea2c1dc02b4670b8bdab  downloads/packages/db5.3-5.3.28-7-aarch64.pkg.tar.xz.sig
c7c2d3c8231c388c882fc27cf93c6c1d34a698b01a282f648cae65216fdeba59  downloads/packages/debugedit-5.3-2-aarch64.pkg.tar.xz
0f0c73fa12ba0c58ea3108f7a2ce66c082199851eb135a9ca5fc159870da46aa  downloads/packages/debugedit-5.3-2-aarch64.pkg.tar.xz.sig
c6599c126834b8600ef4faa3ccc1622fa37267dc7733ae376ce102c7245e1c0d  downloads/packages/device-mapper-2.03.42-1-aarch64.pkg.tar.xz
bb617f2b6448040c16cd5097dffcf029bbf240a07bbbe2cef05ff02c8ed50083  downloads/packages/device-mapper-2.03.42-1-aarch64.pkg.tar.xz.sig
8ebc266d7b3798d92fc4f0924384aa793baaa567178761d4229b4c42cdad34b2  downloads/packages/dhcpcd-10.5.2-1-aarch64.pkg.tar.xz
b8e3b2347fbef1bade019679da7f7f38f0f4e8d5e18f780eb41b5ed5d0ee8ff7  downloads/packages/dhcpcd-10.5.2-1-aarch64.pkg.tar.xz.sig
f887848c009f8d5864593eb61418abd2fc43ca62316337bafc80b64798352c6b  downloads/packages/dnssec-anchors-20250524-1-any.pkg.tar.xz
d18d9a7417a999282078fae2eff24849e0255b1486b928af0a8fa915a18b2d5e  downloads/packages/dnssec-anchors-20250524-1-any.pkg.tar.xz.sig
c41120c6c89469f259d5248ea2ed0a7bea19f8a38d493682f7ff82037a862c21  downloads/packages/dosfstools-4.2-5-aarch64.pkg.tar.xz
027b2d3cb01bb2e8dfc54b30b879d49627f4d3eff1d00f04c4f9b1898439b166  downloads/packages/dosfstools-4.2-5-aarch64.pkg.tar.xz.sig
1e3c597a3290017cfef0aec1300fc9a4212a5af3680857807431bf881f3cf64d  downloads/packages/duktape-2.7.0-7-aarch64.pkg.tar.xz
ec86f34a3fcc5993fe3dc9950fec5111b091ce805596e33c03012c31ff207c6f  downloads/packages/duktape-2.7.0-7-aarch64.pkg.tar.xz.sig
83951aac632b10ae3f814c9b0bc51e4b10045e40c7e89664fce2f9176299204c  downloads/packages/elfutils-0.196-1-aarch64.pkg.tar.xz
9f0c26ec5759118517f889bc6f8d73f08d3c3e160afec9929442bd0225e30c70  downloads/packages/elfutils-0.196-1-aarch64.pkg.tar.xz.sig
9867bfc741703460a762b0c4e50886657afdd006d197b1e1a51b0ce31c52bc80  downloads/packages/ell-0.83-1-aarch64.pkg.tar.xz
2c0a2b21d124a493deb44e3ec7564af23d6fed282910e2ed0c0c72f98cb99d3b  downloads/packages/ell-0.83-1-aarch64.pkg.tar.xz.sig
59016ae9ef519a619d5bb1ecda0981731066f2d95ffec0fd0e027ec9f3761dd5  downloads/packages/ethtool-1:7.1-1-aarch64.pkg.tar.xz
84684f444c7f71d70630e4fbedf120e30841bd07a5f00389600c5e4a5550e229  downloads/packages/ethtool-1:7.1-1-aarch64.pkg.tar.xz.sig
6a7d316912d41a351c8be60f28f113c832f1ebabf59cf7ae0d7c3ae889636496  downloads/packages/exfatprogs-1.4.3-1-aarch64.pkg.tar.xz
e809293c1549e314dab6bef73e8d27a1407db9be5c4f3594630b21106fe51c56  downloads/packages/exfatprogs-1.4.3-1-aarch64.pkg.tar.xz.sig
95b99acc39cb71d84fe2a7de224b0efb2fd1f383f9f6386508c280601e8714ec  downloads/packages/expat-2.8.4-1-aarch64.pkg.tar.xz
66fdc6655d02d95de5f62b203b5a3343357aae84daae5072305359b5fd98637d  downloads/packages/expat-2.8.4-1-aarch64.pkg.tar.xz.sig
ae7a1e0df8abd196f5d54f8206db363e3f9ad0b7157fca026729698ccf866ad0  downloads/packages/fakeroot-1:1.37.2-3-aarch64.pkg.tar.xz
dab0e61acff72e3db0e7fcf6d5678ecd9d99683b61d5299c501fa025838df71e  downloads/packages/fakeroot-1:1.37.2-3-aarch64.pkg.tar.xz.sig
2bfd85ad6f6331f5537c7afbf3ff18440e2dd71442707e2be1ec4a8bd4787d7d  downloads/packages/fd-10.5.0-3-aarch64.pkg.tar.xz
c16f88c91bd4bfe227977c8276da4997d22a9d7dfead78d7b0bbafe00e7052ab  downloads/packages/fd-10.5.0-3-aarch64.pkg.tar.xz.sig
b640fd86f5334e1e56e102a4ae4ad1080e8971d12caf46fef5279a35fc3a9d76  downloads/packages/flex-2.6.4-6-aarch64.pkg.tar.xz
dc49266e45aa699b79e73e282d235e4511c4020337c47919fd4b7c1d06b48792  downloads/packages/flex-2.6.4-6-aarch64.pkg.tar.xz.sig
d66b3032b9dbe6f313673e233ab8ed5de697f270a855358bfff6263e628aca44  downloads/packages/fuse-common-3.18.2-1-aarch64.pkg.tar.xz
16b0123dfe65f07c7a0c0cc890d7a60629fb3c39f476756bd723f485bacfff7c  downloads/packages/fuse-common-3.18.2-1-aarch64.pkg.tar.xz.sig
f3b02e00e3f0bc70585a0507303195bb394e1762da5217893f0c4414b2fa17ae  downloads/packages/fuse3-3.18.2-1-aarch64.pkg.tar.xz
4c8ce8934508b460deb44e584c11deba37622398ff8ee701f3582f62289cbfa9  downloads/packages/fuse3-3.18.2-1-aarch64.pkg.tar.xz.sig
4807ce758ac71f403236d20bd87c6f3cf8fc36e3a0e23d18e04ae53f74a7534e  downloads/packages/fzf-0.74.3-1-aarch64.pkg.tar.xz
256ec3182ffe9a52dcdb7f10f1911c1dc8c6bd392610156a3754cfcd7d8ca2cb  downloads/packages/fzf-0.74.3-1-aarch64.pkg.tar.xz.sig
6667e978482949ffc35931f1ef195354e14af47c3783dd62b2646a4d25573aa3  downloads/packages/gc-8.2.12-1-aarch64.pkg.tar.xz
470fc54bfc2b681d7253660968835b1662c886d4a46d8dda2c204a22fe8b6e1d  downloads/packages/gc-8.2.12-1-aarch64.pkg.tar.xz.sig
067a2aa64f5c7e626e3910fed6fd1f173a1fd9eb6bebaebdd7a7f5be58e170c4  downloads/packages/gcc-16.1.1+r12+g301eb08fa2c5-1-aarch64.pkg.tar.xz
9cd5a11f7c87273ada4fd3ceb8e16b83bd04c9af71bee0eb5055c1be207c958b  downloads/packages/gcc-16.1.1+r12+g301eb08fa2c5-1-aarch64.pkg.tar.xz.sig
548fb9af4519372111fcdfbad9fb3d36e177f32cc84278e3b51f415c5980874e  downloads/packages/gdb-17.2-1-aarch64.pkg.tar.xz
884bda5f0f2cb598920af90e12f9432e8a96520878b007afcdaea09836ac20ab  downloads/packages/gdb-17.2-1-aarch64.pkg.tar.xz.sig
1bfca7d929105d927f74460e36cdbea78ea660d4b5efdb08f5f49a9a54d79956  downloads/packages/gdb-common-17.2-1-aarch64.pkg.tar.xz
53cf21a97b040f6b76e13aee79f5fe9fa4ba6b263ad671861abc57320481bb26  downloads/packages/gdb-common-17.2-1-aarch64.pkg.tar.xz.sig
fb1f7b2598b96c7ce5ea41d23977243e5a67189eda1826dd7690977fd652c11a  downloads/packages/git-2.55.0-1-aarch64.pkg.tar.xz
c1ef5128ddab22c10f33d1a25fd5c43175582c58acf791b32608d542b974427f  downloads/packages/git-2.55.0-1-aarch64.pkg.tar.xz.sig
5a8e51fe53f3669336cea99d66aff4ab9b3afa0da5744ba2da9d2696533cdecc  downloads/packages/git-lfs-3.8.0-1-aarch64.pkg.tar.xz
7342b8080c2f0bdea0c41c86f2587d019b8b8a344d35dcc83b4ac084620b0b2d  downloads/packages/git-lfs-3.8.0-1-aarch64.pkg.tar.xz.sig
3f26513fb04d1670ca202551988f5766ef5713533b27846831e834243f52cbfa  downloads/packages/gnupg-2.4.9-3-aarch64.pkg.tar.xz
0cf4a712716a4e6ad2c5c63be6222d8a7e4a22ef5217495a2892b32504a023fc  downloads/packages/gnupg-2.4.9-3-aarch64.pkg.tar.xz.sig
aa74e78dc3f954e2b5399e1da8f89e926190aa64ffd57cf30006b3c1e2e037b1  downloads/packages/gnutls-3.8.13-3-aarch64.pkg.tar.xz
c729036267d65111cb7ae759046198bfd8b23ca89164011312bf2a5a33ee182e  downloads/packages/gnutls-3.8.13-3-aarch64.pkg.tar.xz.sig
7e7f7277f8ddc618499cfeb105f67d3f7be1caa32aec561c744b2a3b5063785f  downloads/packages/gpgme-2.2.0-1-aarch64.pkg.tar.xz
8f1df49226e609b2ae0008063f93dc96c9aa0460c8e07ce28a3d1572764beb7d  downloads/packages/gpgme-2.2.0-1-aarch64.pkg.tar.xz.sig
8ec9305434a4c012e9384aec68010e52033b93ad98bc0ad8869d947ee5d8684d  downloads/packages/groff-1.24.1-1-aarch64.pkg.tar.xz
1aa79c67c73695c51a7b841885a5bf5aa75f53f42690034d44799300afa10fa3  downloads/packages/groff-1.24.1-1-aarch64.pkg.tar.xz.sig
28fdd4e5d274c0498a8e3026b7ca3694105b880a6143b6114a25fb8e9eda36af  downloads/packages/guile-3.0.11-1-aarch64.pkg.tar.xz
9762cf6dd0f3254a599fbd1cabb798c6f3e2c1c2e3c1ae8f9a2d63787cd11fe2  downloads/packages/guile-3.0.11-1-aarch64.pkg.tar.xz.sig
a58899bd2596d55575493509b3a5aa6f53075cb3d88bb6c712088c57068d9eb7  downloads/packages/htop-3.5.3-1-aarch64.pkg.tar.xz
d669542b210c57e7cc7548c68e3ee22c255c1013fc709eff5d1709e73e82590d  downloads/packages/htop-3.5.3-1-aarch64.pkg.tar.xz.sig
f172896fe5ee7333d8492a0ed03a590e60df4b546d0045a9ac5c544c5432129b  downloads/packages/hwdata-0.411-1-any.pkg.tar.xz
407a81d3a30b53f75a66bcee408c91426325cb190dc8018433fd79f6c9469d07  downloads/packages/hwdata-0.411-1-any.pkg.tar.xz.sig
19061a15e4372eb72a437918cd6bc8bc8c199ff7e756668a1d5519a4e23b68a0  downloads/packages/i2c-tools-4.4-4-aarch64.pkg.tar.xz
b0c0186da2f936a8e45ec8e0a4e0a87c9100311a17104a33d34bf693a0d2e333  downloads/packages/i2c-tools-4.4-4-aarch64.pkg.tar.xz.sig
09fced67d5a7e1e2380fe5aaf0ff257aff8a6866e87f3388f506e379c5ed01b5  downloads/packages/iana-etc-20260617-1-any.pkg.tar.xz
68a0e3a0305776a64d862d7a51704a40dba724bc5c18aecc9b1f080d537b3351  downloads/packages/iana-etc-20260617-1-any.pkg.tar.xz.sig
37a789f1b62f329e17868f7a2e8e232ed12700e93fbe1504d9f59de5aec80e8a  downloads/packages/iproute2-7.2.0-1-aarch64.pkg.tar.xz
4dde21af54cf09473058c57bbd39b2349bd30a3bedabd48218add503e4979cc8  downloads/packages/iproute2-7.2.0-1-aarch64.pkg.tar.xz.sig
e925035ffa55196d8627810ec30be3c4a87291ff61e8881aa22767d76c85f3e7  downloads/packages/iw-6.17-1-aarch64.pkg.tar.xz
37c6ca0e91a1d45d0ee669858ce463af708717dc45651e0fd6874d986a26ed7e  downloads/packages/iw-6.17-1-aarch64.pkg.tar.xz.sig
843121a1f3121b999fdb32240e3e06ff8be1260d38b63ad326c16a99c46f9854  downloads/packages/iwd-3.12-1.1-aarch64.pkg.tar.xz
7685e83c4165acdbfd6ef53d34d5bef90267c5f40e35b5451f8d82f34dec7493  downloads/packages/iwd-3.12-1.1-aarch64.pkg.tar.xz.sig
bffe44d5a784c7cac0a478cfb6caefe065fb59c907c1d182f60750d2873f261f  downloads/packages/jansson-2.15.1-1-aarch64.pkg.tar.xz
1f68fded983857c13a16c097b5e8f7b97bb3a1c8af9b8daf9ae9dfafdba407f2  downloads/packages/jansson-2.15.1-1-aarch64.pkg.tar.xz.sig
ba0e2111e23e23d5d9313c3ba3d7e4830f949f247c757643726aceb10ec63dc7  downloads/packages/jemalloc-1:5.3.1-3-aarch64.pkg.tar.xz
1b7b2aa0f793099b10d6695314ae8d246d3acd91f100edc784cdfcde4d21e7f4  downloads/packages/jemalloc-1:5.3.1-3-aarch64.pkg.tar.xz.sig
a785a170c28f88b03c1190bd8898c4b2f2ca97839d5b277396e86f2cb107041a  downloads/packages/jq-1.8.2-1-aarch64.pkg.tar.xz
85814cde2b68a7e6ee3a2778ee38964557e45c40af4a3bb599410f2b20ae9908  downloads/packages/jq-1.8.2-1-aarch64.pkg.tar.xz.sig
c501e72589c91225a13a2395e3acc53ed532486134ad8fde3574b2092c74fb4b  downloads/packages/leancrypto-1.9.0-1-aarch64.pkg.tar.xz
684abe1e239fb8a6894bbc20969defd4bdb53e1a3c3d312fc2e561fb11af77cd  downloads/packages/leancrypto-1.9.0-1-aarch64.pkg.tar.xz.sig
77de77dcd1371ffed620da4f8d1e31bdbd90cb97a75f50eaa90666db9ccf6ccb  downloads/packages/less-1:704-1-aarch64.pkg.tar.xz
263c7fbbdfbc5350ba7362bd2171b4227191916b2d4017a613a45db242146999  downloads/packages/less-1:704-1-aarch64.pkg.tar.xz.sig
bb9e44b018e7dcc08cdf0c9ae374e58a52b12cc65448fdd350ac5b75604f1937  downloads/packages/libcap-ng-0.9.5-1-aarch64.pkg.tar.xz
325e1d4f1700e9ceaaf0ab8b1a6ebb6cdf6cbc9391ae31cc4a2c278df1b56884  downloads/packages/libcap-ng-0.9.5-1-aarch64.pkg.tar.xz.sig
b96e8eb1604bf7901feb1addd2882cce2f366b504d919c9fc28a53f8c240243b  downloads/packages/libdaemon-0.14-6-aarch64.pkg.tar.xz
909ed8b7a847850945d2cd740a546a24c2c8fae689acab3682633657f11b3eff  downloads/packages/libdaemon-0.14-6-aarch64.pkg.tar.xz.sig
a8f417d24a297384b27935381a0a4f892b121956066c09a3c9cd1e3a47c6d214  downloads/packages/libelf-0.196-1-aarch64.pkg.tar.xz
c8f2b924f3156afdb845ef83bfab9176b883b475c17f199e66deac8064acfafe  downloads/packages/libelf-0.196-1-aarch64.pkg.tar.xz.sig
dfece459e053d53a5a7fdfbb2caf1b0fa662470220f86615a7789eba8571c0ff  downloads/packages/libffi-3.8.0-1-aarch64.pkg.tar.xz
3772033208e24a494fa9602f66d063978ecbccd4f4f99132048e2213f91355b8  downloads/packages/libffi-3.8.0-1-aarch64.pkg.tar.xz.sig
77483cb078eb015c2bee6eb50bea2582abf27438967ab255cdef1c663c785c7a  downloads/packages/libgcrypt-1.12.3-1-aarch64.pkg.tar.xz
d2ebf944ac805c57be16a5a90ecf41f3ce7d80a33e37ff194ab627a960a277e8  downloads/packages/libgcrypt-1.12.3-1-aarch64.pkg.tar.xz.sig
09fbdc36a162be970ca6a2bdf95e778b998eeaacfc1655a8d73ae262ad1f9298  downloads/packages/libisl-0.28-1-aarch64.pkg.tar.xz
97cb63d41e1bc6d8d9d0eb8c4b90725a169dc31dcf4b199c4b8cc29c78755618  downloads/packages/libisl-0.28-1-aarch64.pkg.tar.xz.sig
e776fa6704fd22b2d5dcaaf402dfc705228bbca455027aaad97220699360611e  downloads/packages/libksba-1.8.1-1-aarch64.pkg.tar.xz
47302197c0bf8d2bbd57b98fe0bb8d8a8afa26379f7faba5726e5c0b6823873c  downloads/packages/libksba-1.8.1-1-aarch64.pkg.tar.xz.sig
9dd39ae2962769cd1f97c731833c62f07389ec8fbd2ddb4891a5b25c7ab7d578  downloads/packages/libmakepkg-dropins-20-2-any.pkg.tar.xz
cf1b7b97af0cb8606f4fc5b8ba7087d2179e5b4fe6ef5e61ff82cbcdaae15335  downloads/packages/libmakepkg-dropins-20-2-any.pkg.tar.xz.sig
a256a59999fb91fa111814b0f9ebd1d41e8c70491902b6e4c185958ca7095bac  downloads/packages/libmaxminddb-1.13.3-1-aarch64.pkg.tar.xz
45b78ab15e6ac42b5b904389a8a36b90a6aa1645da4e761b6d18935bb2302817  downloads/packages/libmaxminddb-1.13.3-1-aarch64.pkg.tar.xz.sig
e5c0233fbb1596d585c661efde113dfa5ebdea63402e01d270fb8d81897f0627  downloads/packages/libmm-glib-1.24.2-1-aarch64.pkg.tar.xz
64415bee9f56c358db4d0901a091a50ae100eac8bba5e9b4bac2a6fbc0306139  downloads/packages/libmm-glib-1.24.2-1-aarch64.pkg.tar.xz.sig
91c23ad752247d9784bbd2c3da96f379efd6360a5a88c2316d458bb2ecda093c  downloads/packages/libmpc-1.4.1-1-aarch64.pkg.tar.xz
b0e2e1074ec92dd2e7f0db0ba7a851fbf91d928a62a821d3dbe2b85b670ea6cb  downloads/packages/libmpc-1.4.1-1-aarch64.pkg.tar.xz.sig
eb095019df469b96d728ef91cbf50e90ecd8482dcbda17fcbc3091b24e87e6c7  downloads/packages/libndp-1.9-1-aarch64.pkg.tar.xz
e256bcb8f42bace37acf925036ef59fd991bf496f1322364f88f27696c4017e9  downloads/packages/libndp-1.9-1-aarch64.pkg.tar.xz.sig
957ba14b3781acaad75817096ddb1d3833f5abb128ad596276f4b2c08870e5a4  downloads/packages/libnewt-0.52.25-2-aarch64.pkg.tar.xz
1751294694b0734dbb23743c2f05f304a066abd29d664d1ccb273e41466817eb  downloads/packages/libnewt-0.52.25-2-aarch64.pkg.tar.xz.sig
ff6d6be54c599807600ba9058b0121d8206691f9b4849774af7eced9924cb1d8  downloads/packages/libnftnl-1.3.2-1-aarch64.pkg.tar.xz
40279f7499670ea2bfef6fbc6f9e4129cd3171494593a696dc9e1f0c982f7022  downloads/packages/libnftnl-1.3.2-1-aarch64.pkg.tar.xz.sig
9219404664cc04bcb9575f9a16d2eeb13f7aeaa062c601623a2c4c4571fb3013  downloads/packages/libnm-1.58.1-1-aarch64.pkg.tar.xz
f94fa9c5e5d5a352e6b19a39cddff62d891b076f868005abacd1228b2bd24f39  downloads/packages/libnm-1.58.1-1-aarch64.pkg.tar.xz.sig
564e3bec1adb6d370d7f44b86e75db981cb64ebccdf9b708b0fa44f9f2d4f77c  downloads/packages/libnvme-1.16.2-2-aarch64.pkg.tar.xz
6d728fe971fdcc09b53f1c589d4ac48128230dc01eec6439b8b52481555c3bb2  downloads/packages/libnvme-1.16.2-2-aarch64.pkg.tar.xz.sig
0d8da62f6e0fb213858619d928b4b25afb9e783b8285dfdfbef54339584b35ef  downloads/packages/libp11-kit-0.26.5-1-aarch64.pkg.tar.xz
615bb78eeac92f3526cebb5626fb6954abb109330acd0cd11569a7e1d109f1fc  downloads/packages/libp11-kit-0.26.5-1-aarch64.pkg.tar.xz.sig
530e034c09fb21735828b690075118718e69c54df5e0572b54fb627915245c57  downloads/packages/libpcap-1.10.7-1-aarch64.pkg.tar.xz
862f2c5731dce35194d1335023695cc9d353422338db1c92f79245767b645b91  downloads/packages/libpcap-1.10.7-1-aarch64.pkg.tar.xz.sig
9189f4fa2c7ca9899719af27b4c6074f89ee8121a6e84f1b94a08b1de26d6c9c  downloads/packages/libpfm-4.13.0+r83+g91970fe-1-aarch64.pkg.tar.xz
c3b6e00f3aae08bb2a050ea968f070a157693f9d6def72edb9b7113ce6786110  downloads/packages/libpfm-4.13.0+r83+g91970fe-1-aarch64.pkg.tar.xz.sig
9bfc588e91f3c68639538c6eec8bd50905095fb7a480392ec69503b4f7b57009  downloads/packages/libpgm-5.3.128-4-aarch64.pkg.tar.xz
732f47f4ba2ba281ae53b33a08dc3f5f299111240ed9a3f891e9c8ebbf97a35b  downloads/packages/libpgm-5.3.128-4-aarch64.pkg.tar.xz.sig
5f7d3c54a67544ce11bc87727f2b0c2180f26b9afc5b0f7ed9bc2459cc9a0c1a  downloads/packages/libpipeline-1.5.8-1-aarch64.pkg.tar.xz
b73aec41e0ba357afba0f8d2bfba2ea1db7bb53eeefb964530113a27e74dec83  downloads/packages/libpipeline-1.5.8-1-aarch64.pkg.tar.xz.sig
0df84ee0659a06e2c192c72782484a0a6402535178f4ee867bfcb636cf2ebab2  downloads/packages/libsodium-1.0.22-1-aarch64.pkg.tar.xz
5e4d69324393227e711833bd42f12719e2bc314788d2e54570a273c548e1fecc  downloads/packages/libsodium-1.0.22-1-aarch64.pkg.tar.xz.sig
b1f88290ba1971929b22783b78b9dbe7a01ade6271e95ddca1a9d224cb25713c  downloads/packages/libsysprof-capture-50.0-6-aarch64.pkg.tar.xz
21a2fd88a874fd63965c32536481c1a2e17c29ee6b1d986ee428a6468ecda767  downloads/packages/libsysprof-capture-50.0-6-aarch64.pkg.tar.xz.sig
2facc93c151ae9ac48d614acd38643deca05840d3cd4632a3ed4513f5a108fc8  downloads/packages/libteam-1.32-3-aarch64.pkg.tar.xz
2be8686d70fbbe15f64d37174026ac87ceb5411e2dc00d8f48a07487bbe27432  downloads/packages/libteam-1.32-3-aarch64.pkg.tar.xz.sig
064e9d5e1dcd6840943e87964ea233694e9911d281e1747b6c7f885199dcaa86  downloads/packages/libtool-2.6.0+r23+gb08cb0a0-1-aarch64.pkg.tar.xz
32a29222eb6e86a63734af9519279cad84c2a2bb3c748e5c56f4763d2a96f0a7  downloads/packages/libtool-2.6.0+r23+gb08cb0a0-1-aarch64.pkg.tar.xz.sig
413357116a57a128084aa28513951ad2ebd5b18215d3b9de2eb5fb01856acd20  downloads/packages/libtraceevent-1:1.9.0-1-aarch64.pkg.tar.xz
0eda57e4363bac64004317cbe67b3b1b44ff3954a9c17bae06db5da09f9678e9  downloads/packages/libtraceevent-1:1.9.0-1-aarch64.pkg.tar.xz.sig
3cdbe9df64c78d640327afcd6e8b89a3a1b03fbfe2c001abe0c40fff367c41e8  downloads/packages/libunwind-1.8.3-1-aarch64.pkg.tar.xz
1d5c138b06b75f59911e6f2efa31bebfb5931d7048b9cd6f1562863d16bf8134  downloads/packages/libunwind-1.8.3-1-aarch64.pkg.tar.xz.sig
d792f3f3e6a4cc523f19dba393abd5819efdfcc86bf4f2d49009711b29a02085  downloads/packages/liburcu-0.15.6-1-aarch64.pkg.tar.xz
11a47bb1e1312bd637d94caad9184afe6c8374b6567d4eb42486677e296e2fa6  downloads/packages/liburcu-0.15.6-1-aarch64.pkg.tar.xz.sig
efb67ef7eed7b30bebebbe9420fbf67bbfd0676c2b731f30e47e544cdb73feaf  downloads/packages/liburing-2.15-1-aarch64.pkg.tar.xz
3a42d42b719abe319f541f2110fa2a77893ed21dfe9456df915d217b75b8e068  downloads/packages/liburing-2.15-1-aarch64.pkg.tar.xz.sig
021811f6324ce414f482fa2a7c8be094ae31efc4b421916e912560305320f985  downloads/packages/libutempter-1.2.3-1-aarch64.pkg.tar.xz
3bc28a40e8fab2979c7c9693eb77409f4f1c1b55971727e9eb256fcb50d2f657  downloads/packages/libutempter-1.2.3-1-aarch64.pkg.tar.xz.sig
b7ef4dd7c5dd724a71ad37a28640057cc75988cf8f49b605d3b6b468ef2ee854  downloads/packages/libuv-1.52.1-2-aarch64.pkg.tar.xz
8d77a301695203bc18aa251413a267f88f0f6d3a880218e188b8b20ba4587784  downloads/packages/libuv-1.52.1-2-aarch64.pkg.tar.xz.sig
c86239f383dc47736c4f6851063fb034edcda5ed59c7cafbe694e5f65e2d0da0  downloads/packages/libxml2-2.15.4-1-aarch64.pkg.tar.xz
f56b0f773fde05adf9ee795554d1a79b8abdbe1a0f99b6165910c27a80f57556  downloads/packages/libxml2-2.15.4-1-aarch64.pkg.tar.xz.sig
e03baabe6bbf49b65b394eb24629978bbb2094cd17b3fecd892a011041f9c24a  downloads/packages/linux-api-headers-7.2-1-aarch64.pkg.tar.xz
9c6974b7625ed33396a3f896af1689449614573c86496b914af67fa476984fad  downloads/packages/linux-api-headers-7.2-1-aarch64.pkg.tar.xz.sig
d90b211b6fdf51af10b690ae4bcb0d148fb72b151a913d05b3fe789a9dd81671  downloads/packages/linux-firmware-20260810-2-any.pkg.tar.xz
793a8bcf976706a1c5c8427b9b44d0d493b355dc05cd4483a35f84a8c1aba82c  downloads/packages/linux-firmware-20260810-2-any.pkg.tar.xz.sig
eaefa88190359c88ef7bbe07b20fecc05e047c4f32505898bb1c1bc769dff33c  downloads/packages/linux-firmware-amdgpu-20260810-2-any.pkg.tar.xz
08c851c958e4205046cf7d4c9aa1909f6ae6db6abadca333d74034207f3ec9f8  downloads/packages/linux-firmware-amdgpu-20260810-2-any.pkg.tar.xz.sig
0057bf851e1b054335da890374ff0333d7f9ec26c6bc89045c168e40d0b1c40f  downloads/packages/linux-firmware-atheros-20260810-2-any.pkg.tar.xz
eed0742e1a0da38f8b5885df7b3505bd62521f7a7ce1ac9d1b18d2b7590e025e  downloads/packages/linux-firmware-atheros-20260810-2-any.pkg.tar.xz.sig
678b4f518512acde2305d7f2319a31fa5a82cc20496f22a5c9b2f663c380f108  downloads/packages/linux-firmware-broadcom-20260810-2-any.pkg.tar.xz
90ca11c16171c5086b3f36f50102c32c094f2e493ac371147fb855a964ce1ada  downloads/packages/linux-firmware-broadcom-20260810-2-any.pkg.tar.xz.sig
6da8bf8dafe8d41605caa1fe0639b9efe763a55217a8c37ef171464246ca8104  downloads/packages/linux-firmware-cirrus-20260810-2-any.pkg.tar.xz
75e0c6aeb0b37ea818cfefe211ab1ecb6204ca9c58853f4bf62c9bde0881b013  downloads/packages/linux-firmware-cirrus-20260810-2-any.pkg.tar.xz.sig
71a8f51674e468944dc56ebbf2664f8c40fcdbf8967434561ec82a3f321a9137  downloads/packages/linux-firmware-intel-20260810-2-any.pkg.tar.xz
e7c64fc7693d6b90d2b4dea4512fc84a951426f6c39a20c521be7639e68461d6  downloads/packages/linux-firmware-intel-20260810-2-any.pkg.tar.xz.sig
f17329224000c4adbce8931f962a870293e24d68b721a5ba5cb71e460602242b  downloads/packages/linux-firmware-mediatek-20260810-2-any.pkg.tar.xz
e99f8db0f75ea59e9c01d854132ccc3a87013a3799b403d3e7f042a646cba3f1  downloads/packages/linux-firmware-mediatek-20260810-2-any.pkg.tar.xz.sig
d45de486fb3627b4289099bbeba67ec735962016bd4d383b1a76db4b3925a73b  downloads/packages/linux-firmware-nvidia-20260810-2-any.pkg.tar.xz
0f5dd710a047d3b5ca371e208ea6f9a332f0898b41184baced7a52e9e3402364  downloads/packages/linux-firmware-nvidia-20260810-2-any.pkg.tar.xz.sig
a9800b802d938e2886fae423bfbad0b8cbee66056d3fd09bbda05406d58e16fa  downloads/packages/linux-firmware-other-20260810-2-any.pkg.tar.xz
04065e01a9c3fb632b66fea438e37f115b3e3f4f9152c3b1156ed7684fbb3a93  downloads/packages/linux-firmware-other-20260810-2-any.pkg.tar.xz.sig
9190b293befd245158a31f17bd30ebc4c197c42c2b87a95d70a5f1d658d8fd2e  downloads/packages/linux-firmware-radeon-20260810-2-any.pkg.tar.xz
3fa6ad1790e38a1581b15d211b0c7f92ed9c171e6f393446a384e9c5e60f3aff  downloads/packages/linux-firmware-radeon-20260810-2-any.pkg.tar.xz.sig
6f9008b534cc7faa99c3b3912653cdaaf32e0a9850deb0339e375d60ff479d32  downloads/packages/linux-firmware-realtek-20260810-2-any.pkg.tar.xz
44d44d348c5850a946908cc5782b3bc2e537f3dacfd471aced5ad00a0f9cf8e5  downloads/packages/linux-firmware-realtek-20260810-2-any.pkg.tar.xz.sig
9ede673d695432d493666dbb4edd6eb4ed03cf6771cb991073e64de09090b4e4  downloads/packages/linux-firmware-whence-20260810-2-any.pkg.tar.xz
de0385581f78c31f4fc6d0884cc160bbc8f3357e078cb769f7d463a99d9feb43  downloads/packages/linux-firmware-whence-20260810-2-any.pkg.tar.xz.sig
f3119b25813452a1cddd84ea985d7d76d9da41201b39e82f15cf23c2d3ed348e  downloads/packages/llvm-libs-22.1.8-2-aarch64.pkg.tar.xz
6bfa9eaa70713c8088714b57003e996bad9d76359c0f4b8c4156af9c981c7502  downloads/packages/llvm-libs-22.1.8-2-aarch64.pkg.tar.xz.sig
dc855daccb5fe4a7f89702db47bd3c53b3047dee8de92df2de975fe130985eb5  downloads/packages/lm_sensors-1:3.6.2-1-aarch64.pkg.tar.xz
56331bf2d6f551d9015a5e35b3beb5b39339abc27553c45290b90b2f6c4f7521  downloads/packages/lm_sensors-1:3.6.2-1-aarch64.pkg.tar.xz.sig
dbd625049d3b9c333c65c5aed47acfce9129a8188fbd187f425d073d16b23093  downloads/packages/logrotate-3.22.0-1-aarch64.pkg.tar.xz
e1a38029299309463dbf46f555da81cf6eea3d474d23a52c9305d99fcd154c94  downloads/packages/logrotate-3.22.0-1-aarch64.pkg.tar.xz.sig
7562e68ad4d663b2ba84904add3022187726d8ee193242ee80fab75721037b91  downloads/packages/lsof-4.99.7-1-aarch64.pkg.tar.xz
cef023ce3bd6cf6c82bb75907412e25af59a680cd71e31d899f72ffcf36b195d  downloads/packages/lsof-4.99.7-1-aarch64.pkg.tar.xz.sig
7831512f18a7764b64f04c2c3483405c7576aefaf543b3fcfd462721afcf3c7d  downloads/packages/lzo-2.10-5-aarch64.pkg.tar.xz
6e2099240a1cf828c09d7284a0717bbfa15ba539720e3217e3e2f5bcdd064534  downloads/packages/lzo-2.10-5-aarch64.pkg.tar.xz.sig
9bb3f7d0c943311c4e0423e4b723a7f4d62b1bd1b955e4b2b95c83fb01434028  downloads/packages/m4-1.4.21-2-aarch64.pkg.tar.xz
be567c179ba2e5d7e2253088ae9ad263866f2dd19e08344436725d4fb13b1f1d  downloads/packages/m4-1.4.21-2-aarch64.pkg.tar.xz.sig
c5c8b56bfbacd875d72823f10c910747714730c4180994d94a176c89ecea1e06  downloads/packages/make-4.4.1-3-aarch64.pkg.tar.xz
bcb341f5a70946b44ecd7693a2ec8dd01f28bf941f5ca409df95460ed7ad6f2a  downloads/packages/make-4.4.1-3-aarch64.pkg.tar.xz.sig
67515751f848717e1f6d3470f57ad2ea6900ee07618fd2726b6fcaa695687e80  downloads/packages/man-db-2.13.1-2-aarch64.pkg.tar.xz
4fd4727b02561d5711c5e2e50fa1ab62292dd7b103c1c7fecd6f448c02130de1  downloads/packages/man-db-2.13.1-2-aarch64.pkg.tar.xz.sig
69df38f1a1aa35240d239ff82a2e067950ac394f23b8a6c7307580ccd7e95f07  downloads/packages/man-pages-6.19-1-any.pkg.tar.xz
2c5573f99727ba0acb03f52c15478669855a64787cf3b4f6a438f01033a6ceb9  downloads/packages/man-pages-6.19-1-any.pkg.tar.xz.sig
fc4d5aca3791479561e07df05d680501510e152333eea27beeec0a01cc3e3895  downloads/packages/mkinitcpio-41.1-1-any.pkg.tar.xz
39b87d12c6b0327b5cf3aa556759c2c1fe7d823e2548e3a1eccf8a291f2acbb5  downloads/packages/mkinitcpio-41.1-1-any.pkg.tar.xz.sig
17b38aaeed03afe9c47f0bf7a9ae92787de939ae645950f48dabace4a25fa358  downloads/packages/mobile-broadband-provider-info-20251101-1-any.pkg.tar.xz
315bc7694320b17e9211b6b00d882d9f26c8541d15000765afce32b90b893176  downloads/packages/mobile-broadband-provider-info-20251101-1-any.pkg.tar.xz.sig
388611eba7f9b0dddcc03adb4f28bcb8fd2c42fbd8c930ca6b9b0f9e4ece0f1e  downloads/packages/mpdecimal-4.0.1-3-aarch64.pkg.tar.xz
bb0580360f8d8095b16e04723565ba16188947f51d6e42e713472a9ad8c864da  downloads/packages/mpdecimal-4.0.1-3-aarch64.pkg.tar.xz.sig
b7de7c6cf2e4859c141f978bd7f1e9467118266c1ea83fcae07c2921dae3f3d3  downloads/packages/nano-9.2-1-aarch64.pkg.tar.xz
2fda31bc521a43e3e65941fcc80f1baa423d770797b86a4cfd7c2934fa0832cd  downloads/packages/nano-9.2-1-aarch64.pkg.tar.xz.sig
5f88ab112b7e2aa714ed000dd1db0fe4b972b7f91f1450ece1481bc7c3207093  downloads/packages/networkmanager-1.58.1-1-aarch64.pkg.tar.xz
c7eb2548f68ed14f4fe7329aed6059abb8769015f2d3f11c063a7f9853bb2dd8  downloads/packages/networkmanager-1.58.1-1-aarch64.pkg.tar.xz.sig
5d4a783ce3d7eb2b58b882a5e5ae5463f35af02bb580eaa90255dfbb1ff56c10  downloads/packages/nftables-1:1.1.7-3-aarch64.pkg.tar.xz
d70e51969f796c6c50bedf1d0bc7da03a0fdc5fea4e7b2773b4adfd2f471380c  downloads/packages/nftables-1:1.1.7-3-aarch64.pkg.tar.xz.sig
49a71ff0951c6596b66848381f89273d8c40166731561f716c592c9899b2af30  downloads/packages/nspr-4.40-1-aarch64.pkg.tar.xz
5b4888b854210f4d8f0f2382ba813bc3aa303ea950a34670a9ba19c9aaf729a7  downloads/packages/nspr-4.40-1-aarch64.pkg.tar.xz.sig
4a46b9232be780db64a5a10ccff0aad87f65437eed2efc3415eae821d5886813  downloads/packages/nss-3.128-1-aarch64.pkg.tar.xz
152a81bf504d2ae767bfae7f95eceb517ce0fb6e046db97073599932fa8331a0  downloads/packages/nss-3.128-1-aarch64.pkg.tar.xz.sig
b28ebc082254c63fbbd9aac1e2ec9bae8e78fe7243682e875df537906ecb5971  downloads/packages/numactl-2.0.19-1-aarch64.pkg.tar.xz
334df3c15796e8571a5539c4ea111372dc1f7e5c2c699c942824c2a505b95803  downloads/packages/numactl-2.0.19-1-aarch64.pkg.tar.xz.sig
ccd702a69337d55d0961bf672a1371891b3e00394bed646956b5b67d4336a932  downloads/packages/nvme-cli-2.16-2-aarch64.pkg.tar.xz
9b426815d2f111cd92f0b86daab9f964c6d27b8c224bbe037e2cde2487de9c96  downloads/packages/nvme-cli-2.16-2-aarch64.pkg.tar.xz.sig
0cb56e3f5e30813eb18b3de6ca9db6cd3d35e1fcbf761139edabe918d9ae6a35  downloads/packages/oniguruma-6.9.10-1-aarch64.pkg.tar.xz
4338f0237e2a9d8213a4581e19a2ca8f58a6480fb6bff8b5cd78ff76b6fee09b  downloads/packages/oniguruma-6.9.10-1-aarch64.pkg.tar.xz.sig
a297cd3a571d2658adf13ab03017cec61f2f9d88834e2ef113729a521daa1c67  downloads/packages/openssh-10.5p1-1-aarch64.pkg.tar.xz
395f6f93182b290f31f63f85db386d2fa3400eb60a6da5e802b18fc9f5cfd084  downloads/packages/openssh-10.5p1-1-aarch64.pkg.tar.xz.sig
6a1d3aa2c1706000f02c8d211bf82fe7d53c26a32b4d7381b74e0a3aba68322b  downloads/packages/openssl-3.6.4-1-aarch64.pkg.tar.xz
52c2b0021b720e17f3abae5b24e1b8bfd8e2ce181365312e09b38fab615b9016  downloads/packages/openssl-3.6.4-1-aarch64.pkg.tar.xz.sig
7e5c2facac3abd9b51709e081e8720dc7ccc0f27d6c9b49bcb3d188fa91e75f1  downloads/packages/p11-kit-0.26.5-1-aarch64.pkg.tar.xz
1cb5b9640a044a32be18c730033bd50f9922374e7c27101471549765676c5b8b  downloads/packages/p11-kit-0.26.5-1-aarch64.pkg.tar.xz.sig
7f89d02bae727950f543ec969145212b93abea947675de27280c6978cfe9b946  downloads/packages/pacman-contrib-1.13.1-1-aarch64.pkg.tar.xz
7437894b8dedcd8b3bc1fdeee787cf6b49273292c4dbd2fd17f8f51cc1444789  downloads/packages/pacman-contrib-1.13.1-1-aarch64.pkg.tar.xz.sig
a62862b3dc3c82c3f8892707ec118a56fb0230480c017445d795fc0989e32f67  downloads/packages/patch-2.8-1-aarch64.pkg.tar.xz
bd57f9d4db65366308ce84e59f761d2b5857f9e74507dc2f273236ef118f4c59  downloads/packages/patch-2.8-1-aarch64.pkg.tar.xz.sig
a553cb6ea6ebf3b47133696c42c2d7adbc4be55c41666723590caf408d24b85b  downloads/packages/pcre-8.45-5-aarch64.pkg.tar.xz
88d5834b35bd905be73399d8ed1a4663e402bd0984d02e3b60f0f121d531cdcc  downloads/packages/pcre-8.45-5-aarch64.pkg.tar.xz.sig
58b6a901b7516650acee3f04fe94f3f37935bafa4483f05d05aecdb58a7c7c2f  downloads/packages/pcre2-10.48-1-aarch64.pkg.tar.xz
053377744e63da8a75408111d968cbda2c76f013bbc7387a07f9edea8ff1e990  downloads/packages/pcre2-10.48-1-aarch64.pkg.tar.xz.sig
58ad5c7d1074bbb372d6a9c26f882a302b4806bb5666d7ee80af65effe7507b7  downloads/packages/pcsclite-2.5.1-1-aarch64.pkg.tar.xz
7f80d7ffdd25723f3ca7feeead22a8aa4d8113da2e0b4572630b87b98681ed9a  downloads/packages/pcsclite-2.5.1-1-aarch64.pkg.tar.xz.sig
e3bc23a88730bb09bc0e777d99a2e57c4919bbc8a2184b5ca93bae636a4e829f  downloads/packages/perf-7.2.4-1-aarch64.pkg.tar.xz
6cf23b75b018c3270e3f26f8ccac0263dd62e0d8c213240d0fcb255ac718adb4  downloads/packages/perf-7.2.4-1-aarch64.pkg.tar.xz.sig
21c8efe3c10c0c12b8a9b1bb504e71a834f1685916a78da61f71d31e61125161  downloads/packages/perl-5.42.2-2-aarch64.pkg.tar.xz
7a42e189d397bcbec6ba6d7686b603feb627d9e8927034ad7e3958d57382be62  downloads/packages/perl-5.42.2-2-aarch64.pkg.tar.xz.sig
45e48cf1eac8c7ee4f78656e3eec0df2aae9fa75aa924367abc20c2270ec54db  downloads/packages/perl-error-0.17030-3-any.pkg.tar.xz
b6e561ae65c2e858cb05b20007b8996595eb3c2dec15a4436d4fb7d8d8bbf16c  downloads/packages/perl-error-0.17030-3-any.pkg.tar.xz.sig
71b6383a6dab51efe4be74d14a8ea7bcdb07a34a20da7c2c6f708c4a01257018  downloads/packages/perl-mailtools-2.22-3-any.pkg.tar.xz
b769d12bd9f6ee215f8d1d4a06168d06f9ce0b6e3604cfd323f753c1f4d5f2ab  downloads/packages/perl-mailtools-2.22-3-any.pkg.tar.xz.sig
d97a4a2b169a88fbb2db3dc5425eba2b31b58ab4123a1a998c2fcc718cd8251b  downloads/packages/perl-timedate-2.35-1-any.pkg.tar.xz
cf152bbe2914ca09964e68cc636328a4a9cdb99cecc7fe4779d327b7b64e6fb4  downloads/packages/perl-timedate-2.35-1-any.pkg.tar.xz.sig
92275199f2f7b8907032e96a40187fef60a30dc7aaaeba1e4c5a03177365858a  downloads/packages/pkgconf-3.0.7-1-aarch64.pkg.tar.xz
bc72c375df7b8b20f6f43562b447d0dcb0e91343428c3341ac8b59db2a733981  downloads/packages/pkgconf-3.0.7-1-aarch64.pkg.tar.xz.sig
dbfa3447df79d526968deb0117ff73580969b1f02ce678270a0ba2f1b134244a  downloads/packages/polkit-127-3-aarch64.pkg.tar.xz
0abc0a245c92449ac0125c308401cc5fcd25df9750eea2c800bd05300ba06b09  downloads/packages/polkit-127-3-aarch64.pkg.tar.xz.sig
2041c460f7a25e9c33c52b420c4c0b50dc4652b01a6690397ef3b870b7d89cfc  downloads/packages/procps-ng-4.0.7-1-aarch64.pkg.tar.xz
8487858585011a2d60194a53634c085292bcb0dfe9ed88e87695cfd9d1af87c2  downloads/packages/procps-ng-4.0.7-1-aarch64.pkg.tar.xz.sig
17015e87d76198ffda880a95fb5ce46f340a68247bd2b4148a7078d1d3f1f250  downloads/packages/python-3.14.7-1-aarch64.pkg.tar.xz
8a1a8b90810148532fc3c353548e0cae07df1b28f0b87e47a6bc225da3e67667  downloads/packages/python-3.14.7-1-aarch64.pkg.tar.xz.sig
458f1c725cc64502616bfeed1d795cbce4f5479321b06d4b8fd91fa3b125b628  downloads/packages/ripgrep-15.2.0-1-aarch64.pkg.tar.xz
5a85092f2e9b621badc1dbb7c11336f65f0ce80d4f644ae3a79da5f3f30a57d4  downloads/packages/ripgrep-15.2.0-1-aarch64.pkg.tar.xz.sig
490a2f98f26a09f55b4471f119ada64ecf1d240c0fed63752c6f8683239fbb8f  downloads/packages/rsync-3.5.0-1-aarch64.pkg.tar.xz
9f86432f1ebef4f776110834b6e1ce7a1bdfbf06248ae32ced6678bae3e77884  downloads/packages/rsync-3.5.0-1-aarch64.pkg.tar.xz.sig
06d68115408b4ab7ca59b9e6f386dcc1015bdb0033686d115d6621711602ed8e  downloads/packages/sed-4.10-2-aarch64.pkg.tar.xz
59f7c586cff3a752be823a3c920d146dd4a88d85c8f72ee2d4c09506a65e9073  downloads/packages/sed-4.10-2-aarch64.pkg.tar.xz.sig
0eb1ebad4099190298e00cb68e3853d155d52eb8cb1157a7ec914d505279de70  downloads/packages/slang-2.3.3-4-aarch64.pkg.tar.xz
f865d0ef263349ed254ed0234062158f8d4e2069bb41cbb893ffffbe78883cc9  downloads/packages/slang-2.3.3-4-aarch64.pkg.tar.xz.sig
193ba102601afe2b11e12311c4b7fae23036c66a33c767851f5f4c5165b08d17  downloads/packages/smartmontools-7.5-1-aarch64.pkg.tar.xz
1b50d5afc2e568e43f0e771d09e87591f0826fa7c32f7773b93c7cec9e74a59a  downloads/packages/smartmontools-7.5-1-aarch64.pkg.tar.xz.sig
a57c75341cead24523eb282a4ba8e739e0a560fdd49325fe5025504f28b42b4d  downloads/packages/source-highlight-3.1.9-19-aarch64.pkg.tar.xz
bb3a71649058bd8d80ce72107f30d1c2f7d478d223393c6447b7ae580bdc2da5  downloads/packages/source-highlight-3.1.9-19-aarch64.pkg.tar.xz.sig
4e243ca021af982da0cde0fa763f6fe77ea3fa7dacdfc035d7093e60cea3f0de  downloads/packages/strace-7.0-1-aarch64.pkg.tar.xz
0006f99838f694d963b24c6f3fa3b5b4bbcf6afb282929171303c001f2446010  downloads/packages/strace-7.0-1-aarch64.pkg.tar.xz.sig
3e90ee7aa3b5526a155396f3baa6305e37eed317db674cc077312cc386d5b0bd  downloads/packages/sudo-1.9.17.p2-6-aarch64.pkg.tar.xz
24f1c52f52ccd28105a25fd5a6d10d8fe9dba3e57200e655240ac10d783f7b05  downloads/packages/sudo-1.9.17.p2-6-aarch64.pkg.tar.xz.sig
8a9a195736b5cdac96c0511b6a6ea8417477552cf1ad24d904bf6476539b0ad3  downloads/packages/tar-1.35-5-aarch64.pkg.tar.xz
31c6640b34d6334c3e54aba802c53c67f235007435f7e373bb6eb99d2f43474e  downloads/packages/tar-1.35-5-aarch64.pkg.tar.xz.sig
796e5577b93b495b953473af8eb5f27dd7fe7ddb07ccf8a49720449e5a194067  downloads/packages/texinfo-7.3-1-aarch64.pkg.tar.xz
3a536c65fb5f3ad39c5e9c1013f89d29bf2891df07d76d9f4956b98a6ff6da76  downloads/packages/texinfo-7.3-1-aarch64.pkg.tar.xz.sig
9a788f36af14ad0176097a17ee27452a8b8f647cdf3e91b302473fd54d48b49a  downloads/packages/tmux-3.7_c-1-aarch64.pkg.tar.xz
34e9ee5d74aef523c5fd3c15f2e6df838a260cdd305ebfc28544eabd4009a32b  downloads/packages/tmux-3.7_c-1-aarch64.pkg.tar.xz.sig
90f527d90d490e1436c696a81df7b0c6da5fa18dfdb87fb92813f35ac86c7c1b  downloads/packages/tpm2-tss-4.2.0-2-aarch64.pkg.tar.xz
cc50e53810afe468d2e351b5d8bbe20485fe9c8853fd4a8e41c765cecc5d5705  downloads/packages/tpm2-tss-4.2.0-2-aarch64.pkg.tar.xz.sig
e20cb58900b735f3cc79f87c60609e9cdf267fb7139725c9f3816c60efa07856  downloads/packages/tree-2.1.0-1-aarch64.pkg.tar.xz
32ac9a70e6487c2f07a13e5d58f83b76c0286c472c922b8de79f67d96891a526  downloads/packages/tree-2.1.0-1-aarch64.pkg.tar.xz.sig
edc91c7e4e400f20345439744262d1ceded104c78d940659a6b9876076ef33fc  downloads/packages/unzip-6.0-23-aarch64.pkg.tar.xz
bf4c2732a7d08e05cc69d0bd372c63a1017ac5ad1412fed8bfcf6a8d4aff6ad0  downloads/packages/unzip-6.0-23-aarch64.pkg.tar.xz.sig
5e1f150ac7d3d56a0bf7462206ce86f1dc9086cd4bcadd3e2bade03a8669f99b  downloads/packages/usbutils-019-1-aarch64.pkg.tar.xz
0692e87e75547554300663a66d389cace197aea84c577b7f02875c575578848a  downloads/packages/usbutils-019-1-aarch64.pkg.tar.xz.sig
eae9f9725252407e28aa39868746ab3b70a17ca440f429c3aa7a8d8d68659566  downloads/packages/util-linux-2.42.3-1-aarch64.pkg.tar.xz
162c733ab1c57ed32030b694b283b7e3a6d352990fb2491f989bbf71ee2c020a  downloads/packages/util-linux-2.42.3-1-aarch64.pkg.tar.xz.sig
977fa5d7c4f98ccbecb69edbf4264a8532cf39167f5e8907dbc6253240df6b72  downloads/packages/util-linux-libs-2.42.3-1-aarch64.pkg.tar.xz
5c31ce54f792128c6a642c3fa6876c9f6cdf3792eca686cc36dd31a90b9a22bb  downloads/packages/util-linux-libs-2.42.3-1-aarch64.pkg.tar.xz.sig
d827a48f6bc120a4d757988d6efea2cfca6c45efb40123d9d93f67ad4e0fcb3f  downloads/packages/vim-9.2.1046-1-aarch64.pkg.tar.xz
e5eaec415c47432996ca137ac269d866703ff5314257e64877faa869c8fb3bd7  downloads/packages/vim-9.2.1046-1-aarch64.pkg.tar.xz.sig
4fe6b8e08603dbd96758f02ac9927bb5c0b36782d2b4e3eaefa08d88119521ea  downloads/packages/vim-runtime-9.2.1046-1-aarch64.pkg.tar.xz
fd2ff2a3b14d1881de773009aed65145a3ff40a78d7ca1e61aa2716cb2526b29  downloads/packages/vim-runtime-9.2.1046-1-aarch64.pkg.tar.xz.sig
e2bf0067cca93877c737c7d48bc36fff32e184c7874829429b9473c10a12dd39  downloads/packages/wget-1.25.0-6-aarch64.pkg.tar.xz
372eff84a05652735e7fbd3e5952caf3bd9cc45c4b05023d9b3b452f97659638  downloads/packages/wget-1.25.0-6-aarch64.pkg.tar.xz.sig
e6057954da24075963ed978be83fd9c8252dde32ed2b2f94be1cb993d1e69543  downloads/packages/wireguard-tools-1.0.20260223-1-aarch64.pkg.tar.xz
daf3f6641e3e335166f6ecc1807fb20c76ce171c78ce43e1079de14d8b2a0bd5  downloads/packages/wireguard-tools-1.0.20260223-1-aarch64.pkg.tar.xz.sig
76fe7e5b5b1e3d2544ec01d7ae6fe0134062480933df2826981a1ec16faf898a  downloads/packages/wireless-regdb-2026.05.30-1-any.pkg.tar.xz
b9ccb1fbe5c6d9f365d6c682c2c3cddb25fb54fa5658af49860028e787a64009  downloads/packages/wireless-regdb-2026.05.30-1-any.pkg.tar.xz.sig
d5c3968fb3c9292c1097da0de8b07e4309258cf4b03701c3525c97b3b2443183  downloads/packages/wpa_supplicant-2:2.12-1-aarch64.pkg.tar.xz
4a6c2e9cfd4693964ce4b311a540a18c65ac9bae8355b4ad17ea88eee0033284  downloads/packages/wpa_supplicant-2:2.12-1-aarch64.pkg.tar.xz.sig
41ccd13f6d8201897b17d9c15cf8e40a104af676a958ac44cc8ad903dc4325c2  downloads/packages/xxhash-0.8.3-1-aarch64.pkg.tar.xz
ba472a6422edec31beef8816e72faf8ef3840b7e9c8b2a8625e0cca4d37a89eb  downloads/packages/xxhash-0.8.3-1-aarch64.pkg.tar.xz.sig
ae6e65b77c02fcec6b566209f02f0effd527234934b8fbc6042acba7619d9c71  downloads/packages/zeromq-4.3.5-3-aarch64.pkg.tar.xz
20d30ae27ddf90be7c30429527fa37c97fec026e2433ce00af3533ea7aae139c  downloads/packages/zeromq-4.3.5-3-aarch64.pkg.tar.xz.sig
9887f177544021809d065d0298514e98f76b55f9120119f748f5a28c8bb51994  downloads/packages/zip-3.0-14-aarch64.pkg.tar.xz
42fb0e6737c4201e54e0d561ccd67eed1c884cff71377e225c7a394b5816ad99  downloads/packages/zip-3.0-14-aarch64.pkg.tar.xz.sig
1ee3a19d58b27a1f63d455177be5301ca474ed20d3699ffc7f0a4f987852e930  downloads/packages/zlib-ng-2.3.3-1-aarch64.pkg.tar.xz
e3d9ee5945cf6b560097a05c6cac3fbb19be26ca52b1a595930b5257802d2920  downloads/packages/zlib-ng-2.3.3-1-aarch64.pkg.tar.xz.sig
b9eb8d3b2fd315d9848f33c80a6e84a25d63ee257ff8834762bfaf239df1f5a6  downloads/packages/zram-generator-1.2.1-1-aarch64.pkg.tar.xz
d0408f974186c9eee65176c8a25294443b08c43f6024a7ad0d4f2ee5d674e27e  downloads/packages/zram-generator-1.2.1-1-aarch64.pkg.tar.xz.sig
745607815bcf89e96dd0bf4455e1f0af0dc61249c69bf7752b170528fb8d5294  downloads/repo-db/alarm.db
bdd038c7c32dc6de8977c65659249f3ca4b498c303ded46750eb6ab6f1dad187  downloads/repo-db/aur.db
d1f5adda28f44d66416efd11ab921021d8750499659dd91b7bd339327b3359c6  downloads/repo-db/core.db
e1d5c62bdb337f9b5445d35b612a58ac17068a89a1ea0764aedb0010ebfd9454  downloads/repo-db/extra.db
